
Microsoft Visual Studio Solution File, Format Version 12.00
# Visual Studio Version 17
VisualStudioVersion = 17.13.35818.85 d17.13
MinimumVisualStudioVersion = 10.0.40219.1
Project("{FAE04EC0-301F-11D3-BF4B-00C04F79EFBC}") = "多媒體播放器", "多媒體播放器\多媒體播放器.csproj", "{13753E26-F458-4FBE-9934-FC0679C30E61}"
EndProject
Global
	GlobalSection(SolutionConfigurationPlatforms) = preSolution
		Debug|Any CPU = Debug|Any CPU
		Release|Any CPU = Release|Any CPU
	EndGlobalSection
	GlobalSection(ProjectConfigurationPlatforms) = postSolution
		{13753E26-F458-4FBE-9934-FC0679C30E61}.Debug|Any CPU.ActiveCfg = Debug|Any CPU
		{13753E26-F458-4FBE-9934-FC0679C30E61}.Debug|Any CPU.Build.0 = Debug|Any CPU
		{13753E26-F458-4FBE-9934-FC0679C30E61}.Release|Any CPU.ActiveCfg = Release|Any CPU
		{13753E26-F458-4FBE-9934-FC0679C30E61}.Release|Any CPU.Build.0 = Release|Any CPU
	EndGlobalSection
	GlobalSection(SolutionProperties) = preSolution
		HideSolutionNode = FALSE
	EndGlobalSection
	GlobalSection(ExtensibilityGlobals) = postSolution
		SolutionGuid = {968DC592-170E-4854-8439-103A76A6F120}
	EndGlobalSection
EndGlobal
